
Microsoft Visual Studio Solution File, Format Version 12.00
# Visual Studio 14
VisualStudioVersion = 14.0.25420.1
MinimumVisualStudioVersion = 10.0.40219.1
Project("{FAE04EC0-301F-11D3-BF4B-00C04F79EFBC}") = "GeoLocXross.Android", "GeoLocXross\GeoLocXross.Android\GeoLocXross.Android.csproj", "{7968B913-EDF4-47AF-8D96-84B8A0FB2725}"
EndProject
Project("{FAE04EC0-301F-11D3-BF4B-00C04F79EFBC}") = "GeoLocXross", "GeoLocXross\GeoLocXross\GeoLocXross.csproj", "{1D04237A-ABDF-4E30-A6EA-8469D2471191}"
EndProject
Project("{FAE04EC0-301F-11D3-BF4B-00C04F79EFBC}") = "GeoLocXross.iOS", "GeoLocXross\GeoLocXross.iOS\GeoLocXross.iOS.csproj", "{7567B395-68C9-49B4-90C0-29957616C86E}"
EndProject
Global
	GlobalSection(SolutionConfigurationPlatforms) = preSolution
		Ad-Hoc|Any CPU = Ad-Hoc|Any CPU
		Ad-Hoc|iPhone = Ad-Hoc|iPhone
		Ad-Hoc|iPhoneSimulator = Ad-Hoc|iPhoneSimulator
		AppStore|Any CPU = AppStore|Any CPU
		AppStore|iPhone = AppStore|iPhone
		AppStore|iPhoneSimulator = AppStore|iPhoneSimulator
		Debug|Any CPU = Debug|Any CPU
		Debug|iPhone = Debug|iPhone
		Debug|iPhoneSimulator = Debug|iPhoneSimulator
		Release|Any CPU = Release|Any CPU
		Release|iPhone = Release|iPhone
		Release|iPhoneSimulator = Release|iPhoneSimulator
	EndGlobalSection
	GlobalSection(ProjectConfigurationPlatforms) = postSolution
		{7968B913-EDF4-47AF-8D96-84B8A0FB2725}.Ad-Hoc|Any CPU.ActiveCfg = Release|Any CPU
		{7968B913-EDF4-47AF-8D96-84B8A0FB2725}.Ad-Hoc|Any CPU.Build.0 = Release|Any CPU
		{7968B913-EDF4-47AF-8D96-84B8A0FB2725}.Ad-Hoc|Any CPU.Deploy.0 = Release|Any CPU
		{7968B913-EDF4-47AF-8D96-84B8A0FB2725}.Ad-Hoc|iPhone.ActiveCfg = Release|Any CPU
		{7968B913-EDF4-47AF-8D96-84B8A0FB2725}.Ad-Hoc|iPhone.Build.0 = Release|Any CPU
		{7968B913-EDF4-47AF-8D96-84B8A0FB2725}.Ad-Hoc|iPhone.Deploy.0 = Release|Any CPU
		{7968B913-EDF4-47AF-8D96-84B8A0FB2725}.Ad-Hoc|iPhoneSimulator.ActiveCfg = Release|Any CPU
		{7968B913-EDF4-47AF-8D96-84B8A0FB2725}.Ad-Hoc|iPhoneSimulator.Build.0 = Release|Any CPU
		{7968B913-EDF4-47AF-8D96-84B8A0FB2725}.Ad-Hoc|iPhoneSimulator.Deploy.0 = Release|Any CPU
		{7968B913-EDF4-47AF-8D96-84B8A0FB2725}.AppStore|Any CPU.ActiveCfg = Release|Any CPU
		{7968B913-EDF4-47AF-8D96-84B8A0FB2725}.AppStore|Any CPU.Build.0 = Release|Any CPU
		{7968B913-EDF4-47AF-8D96-84B8A0FB2725}.AppStore|Any CPU.Deploy.0 = Release|Any CPU
		{7968B913-EDF4-47AF-8D96-84B8A0FB2725}.AppStore|iPhone.ActiveCfg = Release|Any CPU
		{7968B913-EDF4-47AF-8D96-84B8A0FB2725}.AppStore|iPhone.Build.0 = Release|Any CPU
		{7968B913-EDF4-47AF-8D96-84B8A0FB2725}.AppStore|iPhone.Deploy.0 = Release|Any CPU
		{7968B913-EDF4-47AF-8D96-84B8A0FB2725}.AppStore|iPhoneSimulator.ActiveCfg = Release|Any CPU
		{7968B913-EDF4-47AF-8D96-84B8A0FB2725}.AppStore|iPhoneSimulator.Build.0 = Release|Any CPU
		{7968B913-EDF4-47AF-8D96-84B8A0FB2725}.AppStore|iPhoneSimulator.Deploy.0 = Release|Any CPU
		{7968B913-EDF4-47AF-8D96-84B8A0FB2725}.Debug|Any CPU.ActiveCfg = Debug|Any CPU
		{7968B913-EDF4-47AF-8D96-84B8A0FB2725}.Debug|Any CPU.Build.0 = Debug|Any CPU
		{7968B913-EDF4-47AF-8D96-84B8A0FB2725}.Debug|Any CPU.Deploy.0 = Debug|Any CPU
		{7968B913-EDF4-47AF-8D96-84B8A0FB2725}.Debug|iPhone.ActiveCfg = Debug|Any CPU
		{7968B913-EDF4-47AF-8D96-84B8A0FB2725}.Debug|iPhone.Build.0 = Debug|Any CPU
		{7968B913-EDF4-47AF-8D96-84B8A0FB2725}.Debug|iPhone.Deploy.0 = Debug|Any CPU
		{7968B913-EDF4-47AF-8D96-84B8A0FB2725}.Debug|iPhoneSimulator.ActiveCfg = Debug|Any CPU
		{7968B913-EDF4-47AF-8D96-84B8A0FB2725}.Debug|iPhoneSimulator.Build.0 = Debug|Any CPU
		{7968B913-EDF4-47AF-8D96-84B8A0FB2725}.Debug|iPhoneSimulator.Deploy.0 = Debug|Any CPU
		{7968B913-EDF4-47AF-8D96-84B8A0FB2725}.Release|Any CPU.ActiveCfg = Release|Any CPU
		{7968B913-EDF4-47AF-8D96-84B8A0FB2725}.Release|Any CPU.Build.0 = Release|Any CPU
		{7968B913-EDF4-47AF-8D96-84B8A0FB2725}.Release|Any CPU.Deploy.0 = Release|Any CPU
		{7968B913-EDF4-47AF-8D96-84B8A0FB2725}.Release|iPhone.ActiveCfg = Release|Any CPU
		{7968B913-EDF4-47AF-8D96-84B8A0FB2725}.Release|iPhone.Build.0 = Release|Any CPU
		{7968B913-EDF4-47AF-8D96-84B8A0FB2725}.Release|iPhone.Deploy.0 = Release|Any CPU
		{7968B913-EDF4-47AF-8D96-84B8A0FB2725}.Release|iPhoneSimulator.ActiveCfg = Release|Any CPU
		{7968B913-EDF4-47AF-8D96-84B8A0FB2725}.Release|iPhoneSimulator.Build.0 = Release|Any CPU
		{7968B913-EDF4-47AF-8D96-84B8A0FB2725}.Release|iPhoneSimulator.Deploy.0 = Release|Any CPU
		{1D04237A-ABDF-4E30-A6EA-8469D2471191}.Ad-Hoc|Any CPU.ActiveCfg = Release|Any CPU
		{1D04237A-ABDF-4E30-A6EA-8469D2471191}.Ad-Hoc|Any CPU.Build.0 = Release|Any CPU
		{1D04237A-ABDF-4E30-A6EA-8469D2471191}.Ad-Hoc|iPhone.ActiveCfg = Release|Any CPU
		{1D04237A-ABDF-4E30-A6EA-8469D2471191}.Ad-Hoc|iPhone.Build.0 = Release|Any CPU
		{1D04237A-ABDF-4E30-A6EA-8469D2471191}.Ad-Hoc|iPhoneSimulator.ActiveCfg = Release|Any CPU
		{1D04237A-ABDF-4E30-A6EA-8469D2471191}.Ad-Hoc|iPhoneSimulator.Build.0 = Release|Any CPU
		{1D04237A-ABDF-4E30-A6EA-8469D2471191}.AppStore|Any CPU.ActiveCfg = Release|Any CPU
		{1D04237A-ABDF-4E30-A6EA-8469D2471191}.AppStore|Any CPU.Build.0 = Release|Any CPU
		{1D04237A-ABDF-4E30-A6EA-8469D2471191}.AppStore|iPhone.ActiveCfg = Release|Any CPU
		{1D04237A-ABDF-4E30-A6EA-8469D2471191}.AppStore|iPhone.Build.0 = Release|Any CPU
		{1D04237A-ABDF-4E30-A6EA-8469D2471191}.AppStore|iPhoneSimulator.ActiveCfg = Release|Any CPU
		{1D04237A-ABDF-4E30-A6EA-8469D2471191}.AppStore|iPhoneSimulator.Build.0 = Release|Any CPU
		{1D04237A-ABDF-4E30-A6EA-8469D2471191}.Debug|Any CPU.ActiveCfg = Debug|Any CPU
		{1D04237A-ABDF-4E30-A6EA-8469D2471191}.Debug|Any CPU.Build.0 = Debug|Any CPU
		{1D04237A-ABDF-4E30-A6EA-8469D2471191}.Debug|iPhone.ActiveCfg = Debug|Any CPU
		{1D04237A-ABDF-4E30-A6EA-8469D2471191}.Debug|iPhone.Build.0 = Debug|Any CPU
		{1D04237A-ABDF-4E30-A6EA-8469D2471191}.Debug|iPhoneSimulator.ActiveCfg = Debug|Any CPU
		{1D04237A-ABDF-4E30-A6EA-8469D2471191}.Debug|iPhoneSimulator.Build.0 = Debug|Any CPU
		{1D04237A-ABDF-4E30-A6EA-8469D2471191}.Release|Any CPU.ActiveCfg = Release|Any CPU
		{1D04237A-ABDF-4E30-A6EA-8469D2471191}.Release|Any CPU.Build.0 = Release|Any CPU
		{1D04237A-ABDF-4E30-A6EA-8469D2471191}.Release|iPhone.ActiveCfg = Release|Any CPU
		{1D04237A-ABDF-4E30-A6EA-8469D2471191}.Release|iPhone.Build.0 = Release|Any CPU
		{1D04237A-ABDF-4E30-A6EA-8469D2471191}.Release|iPhoneSimulator.ActiveCfg = Release|Any CPU
		{1D04237A-ABDF-4E30-A6EA-8469D2471191}.Release|iPhoneSimulator.Build.0 = Release|Any CPU
		{7567B395-68C9-49B4-90C0-29957616C86E}.Ad-Hoc|Any CPU.ActiveCfg = Ad-Hoc|iPhone
		{7567B395-68C9-49B4-90C0-29957616C86E}.Ad-Hoc|iPhone.ActiveCfg = Ad-Hoc|iPhone
		{7567B395-68C9-49B4-90C0-29957616C86E}.Ad-Hoc|iPhone.Build.0 = Ad-Hoc|iPhone
		{7567B395-68C9-49B4-90C0-29957616C86E}.Ad-Hoc|iPhoneSimulator.ActiveCfg = Ad-Hoc|iPhoneSimulator
		{7567B395-68C9-49B4-90C0-29957616C86E}.Ad-Hoc|iPhoneSimulator.Build.0 = Ad-Hoc|iPhoneSimulator
		{7567B395-68C9-49B4-90C0-29957616C86E}.AppStore|Any CPU.ActiveCfg = AppStore|iPhone
		{7567B395-68C9-49B4-90C0-29957616C86E}.AppStore|iPhone.ActiveCfg = AppStore|iPhone
		{7567B395-68C9-49B4-90C0-29957616C86E}.AppStore|iPhone.Build.0 = AppStore|iPhone
		{7567B395-68C9-49B4-90C0-29957616C86E}.AppStore|iPhoneSimulator.ActiveCfg = AppStore|iPhoneSimulator
		{7567B395-68C9-49B4-90C0-29957616C86E}.AppStore|iPhoneSimulator.Build.0 = AppStore|iPhoneSimulator
		{7567B395-68C9-49B4-90C0-29957616C86E}.Debug|Any CPU.ActiveCfg = Debug|iPhone
		{7567B395-68C9-49B4-90C0-29957616C86E}.Debug|iPhone.ActiveCfg = Debug|iPhone
		{7567B395-68C9-49B4-90C0-29957616C86E}.Debug|iPhone.Build.0 = Debug|iPhone
		{7567B395-68C9-49B4-90C0-29957616C86E}.Debug|iPhoneSimulator.ActiveCfg = Debug|iPhoneSimulator
		{7567B395-68C9-49B4-90C0-29957616C86E}.Debug|iPhoneSimulator.Build.0 = Debug|iPhoneSimulator
		{7567B395-68C9-49B4-90C0-29957616C86E}.Release|Any CPU.ActiveCfg = Release|iPhone
		{7567B395-68C9-49B4-90C0-29957616C86E}.Release|iPhone.ActiveCfg = Release|iPhone
		{7567B395-68C9-49B4-90C0-29957616C86E}.Release|iPhone.Build.0 = Release|iPhone
		{7567B395-68C9-49B4-90C0-29957616C86E}.Release|iPhoneSimulator.ActiveCfg = Release|iPhoneSimulator
		{7567B395-68C9-49B4-90C0-29957616C86E}.Release|iPhoneSimulator.Build.0 = Release|iPhoneSimulator
	EndGlobalSection
	GlobalSection(SolutionProperties) = preSolution
		HideSolutionNode = FALSE
	EndGlobalSection
EndGlobal
